
Microsoft Visual Studio Solution File, Format Version 12.00
# Visual Studio 2012
Project("{E24C65DC-7377-472B-9ABA-BC803B73C61A}") = "Dress-Up-Starter", ".", "{058C447F-FE85-4418-A972-299F70BB9DF4}"
	ProjectSection(WebsiteProperties) = preProject
		TargetFrameworkMoniker = ".NETFramework,Version%3Dv4.0"
		Debug.AspNetCompiler.VirtualPath = "/Dress-Up-Starter"
		Debug.AspNetCompiler.PhysicalPath = "..\..\..\..\Desktop\NXTlogic\Dress-Up-Starter\"
		Debug.AspNetCompiler.TargetPath = "PrecompiledWeb\Dress-Up-Starter\"
		Debug.AspNetCompiler.Updateable = "true"
		Debug.AspNetCompiler.ForceOverwrite = "true"
		Debug.AspNetCompiler.FixedNames = "false"
		Debug.AspNetCompiler.Debug = "True"
		Release.AspNetCompiler.VirtualPath = "/Dress-Up-Starter"
		Release.AspNetCompiler.PhysicalPath = "..\..\..\..\Desktop\NXTlogic\Dress-Up-Starter\"
		Release.AspNetCompiler.TargetPath = "PrecompiledWeb\Dress-Up-Starter\"
		Release.AspNetCompiler.Updateable = "true"
		Release.AspNetCompiler.ForceOverwrite = "true"
		Release.AspNetCompiler.FixedNames = "false"
		Release.AspNetCompiler.Debug = "False"
		VWDPort = "64086"
		VWDVirtualPath = "/"
	EndProjectSection
EndProject
Global
	GlobalSection(SolutionConfigurationPlatforms) = preSolution
		Debug|Any CPU = Debug|Any CPU
	EndGlobalSection
	GlobalSection(ProjectConfigurationPlatforms) = postSolution
		{058C447F-FE85-4418-A972-299F70BB9DF4}.Debug|Any CPU.ActiveCfg = Debug|Any CPU
		{058C447F-FE85-4418-A972-299F70BB9DF4}.Debug|Any CPU.Build.0 = Debug|Any CPU
	EndGlobalSection
	GlobalSection(SolutionProperties) = preSolution
		HideSolutionNode = FALSE
	EndGlobalSection
EndGlobal
